
Microsoft Visual Studio Solution File, Format Version 12.00
# Visual Studio Version 16
VisualStudioVersion = 16.0.30011.22
MinimumVisualStudioVersion = 10.0.40219.1
Project("{FAE04EC0-301F-11D3-BF4B-00C04F79EFBC}") = "YoYoTestApp.Server", "YoYoTestApp\Server\YoYoTestApp.Server.csproj", "{CBD86592-122B-4A63-8440-1C066538E0FA}"
EndProject
Project("{FAE04EC0-301F-11D3-BF4B-00C04F79EFBC}") = "YoYoTestApp.Client", "YoYoTestApp\Client\YoYoTestApp.Client.csproj", "{672AF0D1-8D72-4CC3-9E79-FA6D4793D411}"
EndProject
Project("{FAE04EC0-301F-11D3-BF4B-00C04F79EFBC}") = "YoYoTestApp.Shared", "YoYoTestApp\Shared\YoYoTestApp.Shared.csproj", "{B51AA811-C806-47CF-AB44-DFC38AC5731B}"
EndProject
Global
	GlobalSection(SolutionConfigurationPlatforms) = preSolution
		Debug|Any CPU = Debug|Any CPU
		Release|Any CPU = Release|Any CPU
	EndGlobalSection
	GlobalSection(ProjectConfigurationPlatforms) = postSolution
		{CBD86592-122B-4A63-8440-1C066538E0FA}.Debug|Any CPU.ActiveCfg = Debug|Any CPU
		{CBD86592-122B-4A63-8440-1C066538E0FA}.Debug|Any CPU.Build.0 = Debug|Any CPU
		{CBD86592-122B-4A63-8440-1C066538E0FA}.Release|Any CPU.ActiveCfg = Release|Any CPU
		{CBD86592-122B-4A63-8440-1C066538E0FA}.Release|Any CPU.Build.0 = Release|Any CPU
		{672AF0D1-8D72-4CC3-9E79-FA6D4793D411}.Debug|Any CPU.ActiveCfg = Debug|Any CPU
		{672AF0D1-8D72-4CC3-9E79-FA6D4793D411}.Debug|Any CPU.Build.0 = Debug|Any CPU
		{672AF0D1-8D72-4CC3-9E79-FA6D4793D411}.Release|Any CPU.ActiveCfg = Release|Any CPU
		{672AF0D1-8D72-4CC3-9E79-FA6D4793D411}.Release|Any CPU.Build.0 = Release|Any CPU
		{B51AA811-C806-47CF-AB44-DFC38AC5731B}.Debug|Any CPU.ActiveCfg = Debug|Any CPU
		{B51AA811-C806-47CF-AB44-DFC38AC5731B}.Debug|Any CPU.Build.0 = Debug|Any CPU
		{B51AA811-C806-47CF-AB44-DFC38AC5731B}.Release|Any CPU.ActiveCfg = Release|Any CPU
		{B51AA811-C806-47CF-AB44-DFC38AC5731B}.Release|Any CPU.Build.0 = Release|Any CPU
	EndGlobalSection
	GlobalSection(SolutionProperties) = preSolution
		HideSolutionNode = FALSE
	EndGlobalSection
	GlobalSection(ExtensibilityGlobals) = postSolution
		SolutionGuid = {B42B9E0B-97C3-401E-81C5-112FFA5E98A7}
	EndGlobalSection
EndGlobal
